
Microsoft Visual Studio Solution File, Format Version 12.00
# Visual Studio Version 16
VisualStudioVersion = 16.0.29806.167
MinimumVisualStudioVersion = 10.0.40219.1
Project("{2150E333-8FDC-42A3-9474-1A3956D46DE8}") = "src", "src", "{61FB2D02-6241-4B16-A948-41B31B36C9F7}"
EndProject
Project("{2150E333-8FDC-42A3-9474-1A3956D46DE8}") = "tests", "tests", "{2301A6FF-2A94-4195-BB15-E172002B2E93}"
EndProject
Project("{2150E333-8FDC-42A3-9474-1A3956D46DE8}") = "Services", "Services", "{F8B7A4DE-5037-441D-97F4-65C4E286DFD4}"
EndProject
Project("{2150E333-8FDC-42A3-9474-1A3956D46DE8}") = "Teams", "Teams", "{B4F6CE65-5CA0-4452-A21E-9861B01C1F89}"
EndProject
Project("{9A19103F-16F7-4668-BE54-9A1E7A4F7556}") = "Teams.API", "Services\Team\Team.API\Teams.API.csproj", "{55195D65-AF7C-4321-BDAC-29D1BC2BED7B}"
EndProject
Project("{9A19103F-16F7-4668-BE54-9A1E7A4F7556}") = "Teams.Application", "Services\Team\Team.Application\Teams.Application.csproj", "{1FE4B4D5-1FAE-4018-8840-420B3DD622E9}"
EndProject
Project("{9A19103F-16F7-4668-BE54-9A1E7A4F7556}") = "Teams.Infrastructure", "Services\Team\Team.Infrastructure\Teams.Infrastructure.csproj", "{FD837724-3A3C-43AE-B14A-4959107404F2}"
EndProject
Project("{9A19103F-16F7-4668-BE54-9A1E7A4F7556}") = "Teams.Domain", "Services\Team\Team.Domain\Teams.Domain.csproj", "{648811DB-7D5D-4DBC-A0A9-12491E5E3A7F}"
EndProject
Global
	GlobalSection(SolutionConfigurationPlatforms) = preSolution
		Debug|Any CPU = Debug|Any CPU
		Release|Any CPU = Release|Any CPU
	EndGlobalSection
	GlobalSection(ProjectConfigurationPlatforms) = postSolution
		{55195D65-AF7C-4321-BDAC-29D1BC2BED7B}.Debug|Any CPU.ActiveCfg = Debug|Any CPU
		{55195D65-AF7C-4321-BDAC-29D1BC2BED7B}.Debug|Any CPU.Build.0 = Debug|Any CPU
		{55195D65-AF7C-4321-BDAC-29D1BC2BED7B}.Release|Any CPU.ActiveCfg = Release|Any CPU
		{55195D65-AF7C-4321-BDAC-29D1BC2BED7B}.Release|Any CPU.Build.0 = Release|Any CPU
		{1FE4B4D5-1FAE-4018-8840-420B3DD622E9}.Debug|Any CPU.ActiveCfg = Debug|Any CPU
		{1FE4B4D5-1FAE-4018-8840-420B3DD622E9}.Debug|Any CPU.Build.0 = Debug|Any CPU
		{1FE4B4D5-1FAE-4018-8840-420B3DD622E9}.Release|Any CPU.ActiveCfg = Release|Any CPU
		{1FE4B4D5-1FAE-4018-8840-420B3DD622E9}.Release|Any CPU.Build.0 = Release|Any CPU
		{FD837724-3A3C-43AE-B14A-4959107404F2}.Debug|Any CPU.ActiveCfg = Debug|Any CPU
		{FD837724-3A3C-43AE-B14A-4959107404F2}.Debug|Any CPU.Build.0 = Debug|Any CPU
		{FD837724-3A3C-43AE-B14A-4959107404F2}.Release|Any CPU.ActiveCfg = Release|Any CPU
		{FD837724-3A3C-43AE-B14A-4959107404F2}.Release|Any CPU.Build.0 = Release|Any CPU
		{648811DB-7D5D-4DBC-A0A9-12491E5E3A7F}.Debug|Any CPU.ActiveCfg = Debug|Any CPU
		{648811DB-7D5D-4DBC-A0A9-12491E5E3A7F}.Debug|Any CPU.Build.0 = Debug|Any CPU
		{648811DB-7D5D-4DBC-A0A9-12491E5E3A7F}.Release|Any CPU.ActiveCfg = Release|Any CPU
		{648811DB-7D5D-4DBC-A0A9-12491E5E3A7F}.Release|Any CPU.Build.0 = Release|Any CPU
	EndGlobalSection
	GlobalSection(SolutionProperties) = preSolution
		HideSolutionNode = FALSE
	EndGlobalSection
	GlobalSection(NestedProjects) = preSolution
		{F8B7A4DE-5037-441D-97F4-65C4E286DFD4} = {61FB2D02-6241-4B16-A948-41B31B36C9F7}
		{B4F6CE65-5CA0-4452-A21E-9861B01C1F89} = {F8B7A4DE-5037-441D-97F4-65C4E286DFD4}
		{55195D65-AF7C-4321-BDAC-29D1BC2BED7B} = {B4F6CE65-5CA0-4452-A21E-9861B01C1F89}
		{1FE4B4D5-1FAE-4018-8840-420B3DD622E9} = {B4F6CE65-5CA0-4452-A21E-9861B01C1F89}
		{FD837724-3A3C-43AE-B14A-4959107404F2} = {B4F6CE65-5CA0-4452-A21E-9861B01C1F89}
		{648811DB-7D5D-4DBC-A0A9-12491E5E3A7F} = {B4F6CE65-5CA0-4452-A21E-9861B01C1F89}
	EndGlobalSection
	GlobalSection(ExtensibilityGlobals) = postSolution
		SolutionGuid = {AC029FF3-7352-42D2-9867-5662078FCEC2}
	EndGlobalSection
EndGlobal
