
Microsoft Visual Studio Solution File, Format Version 12.00
# Visual Studio Version 16
VisualStudioVersion = 16.0.29806.167
MinimumVisualStudioVersion = 10.0.40219.1
Project("{2150E333-8FDC-42A3-9474-1A3956D46DE8}") = "src", "src", "{61FB2D02-6241-4B16-A948-41B31B36C9F7}"
EndProject
Project("{2150E333-8FDC-42A3-9474-1A3956D46DE8}") = "Services", "Services", "{F8B7A4DE-5037-441D-97F4-65C4E286DFD4}"
EndProject
Project("{2150E333-8FDC-42A3-9474-1A3956D46DE8}") = "Phrases", "Phrases", "{DBD78CF7-40D0-4782-8988-831473E8C662}"
EndProject
Project("{9A19103F-16F7-4668-BE54-9A1E7A4F7556}") = "Phrases.API", "Services\Phrases\Phrases.API\Phrases.API.csproj", "{04735619-763D-4A5D-AEAB-0C7A4ED2DA7D}"
EndProject
Project("{9A19103F-16F7-4668-BE54-9A1E7A4F7556}") = "Phrases.Application", "Services\Phrases\Phrases.Application\Phrases.Application.csproj", "{72DE6900-8B64-48DA-88D4-EAE359B2CF1B}"
EndProject
Project("{9A19103F-16F7-4668-BE54-9A1E7A4F7556}") = "Phrases.Domain", "Services\Phrases\Phrases.Domain\Phrases.Domain.csproj", "{228B7F68-DE1F-48FA-8F66-68BBB74794F5}"
EndProject
Project("{9A19103F-16F7-4668-BE54-9A1E7A4F7556}") = "Phrases.Infrastructure", "Services\Phrases\Phrases.Infrastructure\Phrases.Infrastructure.csproj", "{BAB37D19-CBEF-49ED-BDE9-570D1A2E13EE}"
EndProject
Project("{2150E333-8FDC-42A3-9474-1A3956D46DE8}") = "Matches", "Matches", "{A3C9EEE5-6252-4CDD-8BDA-D88A4A463A22}"
EndProject
Project("{2150E333-8FDC-42A3-9474-1A3956D46DE8}") = "Base", "Base", "{86C350FE-2D44-48C1-B2D8-1A94558588A2}"
EndProject
Project("{9A19103F-16F7-4668-BE54-9A1E7A4F7556}") = "Base.Infrastructure", "Services\Base\Base.Infrastructure\Base.Infrastructure.csproj", "{D2EADD86-3336-446C-B438-138B49E72E4C}"
EndProject
Project("{9A19103F-16F7-4668-BE54-9A1E7A4F7556}") = "Base.Domain", "Services\Base\Base.Domain\Base.Domain.csproj", "{8B7F7179-25E7-45A1-A305-993088D2D900}"
EndProject
Project("{9A19103F-16F7-4668-BE54-9A1E7A4F7556}") = "Matches.API", "Services\Matches\Matches.API\Matches.API.csproj", "{3719E9F9-228D-4010-9431-CBA6B10097F9}"
EndProject
Project("{9A19103F-16F7-4668-BE54-9A1E7A4F7556}") = "Matches.Application", "Services\Matches\Matches.Application\Matches.Application.csproj", "{120C9C6C-2E26-4746-B1B4-867EA8384CE7}"
EndProject
Project("{9A19103F-16F7-4668-BE54-9A1E7A4F7556}") = "Matches.Domain", "Services\Matches\Matches.Domain\Matches.Domain.csproj", "{DC9E8650-4040-4E50-A20F-5BBE03D14A80}"
EndProject
Project("{9A19103F-16F7-4668-BE54-9A1E7A4F7556}") = "Matches.Infrastructure", "Services\Matches\Matches.Infrastructure\Matches.Infrastructure.csproj", "{6C44A067-5A73-4029-ABAA-0026A96C699F}"
EndProject
Project("{9A19103F-16F7-4668-BE54-9A1E7A4F7556}") = "Base.Application", "Services\Base\Base.Application\Base.Application.csproj", "{F88DE806-94FC-40BB-B364-AB76AF0B9D8A}"
EndProject
Project("{2150E333-8FDC-42A3-9474-1A3956D46DE8}") = "ApiGateways", "ApiGateways", "{66C8206D-48CF-4F3A-846B-5CA1C61296DB}"
EndProject
Project("{2150E333-8FDC-42A3-9474-1A3956D46DE8}") = "Web.Bff", "Web.Bff", "{E42E57F7-E370-40E2-BEA7-17894A5358F2}"
EndProject
Project("{9A19103F-16F7-4668-BE54-9A1E7A4F7556}") = "Web.HttpAggregator", "ApiGateways\Web.Bff\Web.HttpAggregator\Web.HttpAggregator.csproj", "{5C08D5A4-323C-488A-8126-0858BA76F73D}"
EndProject
Project("{E53339B2-1760-4266-BCC7-CA923CBCF16C}") = "docker-compose", "docker-compose.dcproj", "{81A8DE7D-6F72-4630-B8CF-E8349CDC7ECA}"
EndProject
Project("{2150E333-8FDC-42A3-9474-1A3956D46DE8}") = "tests", "tests", "{F7071291-C0B7-481F-98F4-39B47914FADD}"
EndProject
Project("{9A19103F-16F7-4668-BE54-9A1E7A4F7556}") = "Phrases.UnitTests", "Services\Phrases\Phrases.UnitTests\Phrases.UnitTests.csproj", "{7079203F-396D-4516-BA80-A20EB244A753}"
EndProject
Project("{2150E333-8FDC-42A3-9474-1A3956D46DE8}") = "tests", "tests", "{A8358243-ADF0-4C3A-A73E-1C10C58072AE}"
EndProject
Project("{FAE04EC0-301F-11D3-BF4B-00C04F79EFBC}") = "Matches.UnitTests", "Services\Matches\tests\Matches.UnitTests\Matches.UnitTests.csproj", "{D9941CEE-F77E-4378-A59A-606450D2C3DD}"
EndProject
Global
	GlobalSection(SolutionConfigurationPlatforms) = preSolution
		Debug|Any CPU = Debug|Any CPU
		Release|Any CPU = Release|Any CPU
	EndGlobalSection
	GlobalSection(ProjectConfigurationPlatforms) = postSolution
		{04735619-763D-4A5D-AEAB-0C7A4ED2DA7D}.Debug|Any CPU.ActiveCfg = Debug|Any CPU
		{04735619-763D-4A5D-AEAB-0C7A4ED2DA7D}.Debug|Any CPU.Build.0 = Debug|Any CPU
		{04735619-763D-4A5D-AEAB-0C7A4ED2DA7D}.Release|Any CPU.ActiveCfg = Release|Any CPU
		{04735619-763D-4A5D-AEAB-0C7A4ED2DA7D}.Release|Any CPU.Build.0 = Release|Any CPU
		{72DE6900-8B64-48DA-88D4-EAE359B2CF1B}.Debug|Any CPU.ActiveCfg = Debug|Any CPU
		{72DE6900-8B64-48DA-88D4-EAE359B2CF1B}.Debug|Any CPU.Build.0 = Debug|Any CPU
		{72DE6900-8B64-48DA-88D4-EAE359B2CF1B}.Release|Any CPU.ActiveCfg = Release|Any CPU
		{72DE6900-8B64-48DA-88D4-EAE359B2CF1B}.Release|Any CPU.Build.0 = Release|Any CPU
		{228B7F68-DE1F-48FA-8F66-68BBB74794F5}.Debug|Any CPU.ActiveCfg = Debug|Any CPU
		{228B7F68-DE1F-48FA-8F66-68BBB74794F5}.Debug|Any CPU.Build.0 = Debug|Any CPU
		{228B7F68-DE1F-48FA-8F66-68BBB74794F5}.Release|Any CPU.ActiveCfg = Release|Any CPU
		{228B7F68-DE1F-48FA-8F66-68BBB74794F5}.Release|Any CPU.Build.0 = Release|Any CPU
		{BAB37D19-CBEF-49ED-BDE9-570D1A2E13EE}.Debug|Any CPU.ActiveCfg = Debug|Any CPU
		{BAB37D19-CBEF-49ED-BDE9-570D1A2E13EE}.Debug|Any CPU.Build.0 = Debug|Any CPU
		{BAB37D19-CBEF-49ED-BDE9-570D1A2E13EE}.Release|Any CPU.ActiveCfg = Release|Any CPU
		{BAB37D19-CBEF-49ED-BDE9-570D1A2E13EE}.Release|Any CPU.Build.0 = Release|Any CPU
		{D2EADD86-3336-446C-B438-138B49E72E4C}.Debug|Any CPU.ActiveCfg = Debug|Any CPU
		{D2EADD86-3336-446C-B438-138B49E72E4C}.Debug|Any CPU.Build.0 = Debug|Any CPU
		{D2EADD86-3336-446C-B438-138B49E72E4C}.Release|Any CPU.ActiveCfg = Release|Any CPU
		{D2EADD86-3336-446C-B438-138B49E72E4C}.Release|Any CPU.Build.0 = Release|Any CPU
		{8B7F7179-25E7-45A1-A305-993088D2D900}.Debug|Any CPU.ActiveCfg = Debug|Any CPU
		{8B7F7179-25E7-45A1-A305-993088D2D900}.Debug|Any CPU.Build.0 = Debug|Any CPU
		{8B7F7179-25E7-45A1-A305-993088D2D900}.Release|Any CPU.ActiveCfg = Release|Any CPU
		{8B7F7179-25E7-45A1-A305-993088D2D900}.Release|Any CPU.Build.0 = Release|Any CPU
		{3719E9F9-228D-4010-9431-CBA6B10097F9}.Debug|Any CPU.ActiveCfg = Debug|Any CPU
		{3719E9F9-228D-4010-9431-CBA6B10097F9}.Debug|Any CPU.Build.0 = Debug|Any CPU
		{3719E9F9-228D-4010-9431-CBA6B10097F9}.Release|Any CPU.ActiveCfg = Release|Any CPU
		{3719E9F9-228D-4010-9431-CBA6B10097F9}.Release|Any CPU.Build.0 = Release|Any CPU
		{120C9C6C-2E26-4746-B1B4-867EA8384CE7}.Debug|Any CPU.ActiveCfg = Debug|Any CPU
		{120C9C6C-2E26-4746-B1B4-867EA8384CE7}.Debug|Any CPU.Build.0 = Debug|Any CPU
		{120C9C6C-2E26-4746-B1B4-867EA8384CE7}.Release|Any CPU.ActiveCfg = Release|Any CPU
		{120C9C6C-2E26-4746-B1B4-867EA8384CE7}.Release|Any CPU.Build.0 = Release|Any CPU
		{DC9E8650-4040-4E50-A20F-5BBE03D14A80}.Debug|Any CPU.ActiveCfg = Debug|Any CPU
		{DC9E8650-4040-4E50-A20F-5BBE03D14A80}.Debug|Any CPU.Build.0 = Debug|Any CPU
		{DC9E8650-4040-4E50-A20F-5BBE03D14A80}.Release|Any CPU.ActiveCfg = Release|Any CPU
		{DC9E8650-4040-4E50-A20F-5BBE03D14A80}.Release|Any CPU.Build.0 = Release|Any CPU
		{6C44A067-5A73-4029-ABAA-0026A96C699F}.Debug|Any CPU.ActiveCfg = Debug|Any CPU
		{6C44A067-5A73-4029-ABAA-0026A96C699F}.Debug|Any CPU.Build.0 = Debug|Any CPU
		{6C44A067-5A73-4029-ABAA-0026A96C699F}.Release|Any CPU.ActiveCfg = Release|Any CPU
		{6C44A067-5A73-4029-ABAA-0026A96C699F}.Release|Any CPU.Build.0 = Release|Any CPU
		{F88DE806-94FC-40BB-B364-AB76AF0B9D8A}.Debug|Any CPU.ActiveCfg = Debug|Any CPU
		{F88DE806-94FC-40BB-B364-AB76AF0B9D8A}.Debug|Any CPU.Build.0 = Debug|Any CPU
		{F88DE806-94FC-40BB-B364-AB76AF0B9D8A}.Release|Any CPU.ActiveCfg = Release|Any CPU
		{F88DE806-94FC-40BB-B364-AB76AF0B9D8A}.Release|Any CPU.Build.0 = Release|Any CPU
		{5C08D5A4-323C-488A-8126-0858BA76F73D}.Debug|Any CPU.ActiveCfg = Debug|Any CPU
		{5C08D5A4-323C-488A-8126-0858BA76F73D}.Debug|Any CPU.Build.0 = Debug|Any CPU
		{5C08D5A4-323C-488A-8126-0858BA76F73D}.Release|Any CPU.ActiveCfg = Release|Any CPU
		{5C08D5A4-323C-488A-8126-0858BA76F73D}.Release|Any CPU.Build.0 = Release|Any CPU
		{81A8DE7D-6F72-4630-B8CF-E8349CDC7ECA}.Debug|Any CPU.ActiveCfg = Debug|Any CPU
		{81A8DE7D-6F72-4630-B8CF-E8349CDC7ECA}.Debug|Any CPU.Build.0 = Debug|Any CPU
		{81A8DE7D-6F72-4630-B8CF-E8349CDC7ECA}.Release|Any CPU.ActiveCfg = Release|Any CPU
		{81A8DE7D-6F72-4630-B8CF-E8349CDC7ECA}.Release|Any CPU.Build.0 = Release|Any CPU
		{7079203F-396D-4516-BA80-A20EB244A753}.Debug|Any CPU.ActiveCfg = Debug|Any CPU
		{7079203F-396D-4516-BA80-A20EB244A753}.Debug|Any CPU.Build.0 = Debug|Any CPU
		{7079203F-396D-4516-BA80-A20EB244A753}.Release|Any CPU.ActiveCfg = Release|Any CPU
		{7079203F-396D-4516-BA80-A20EB244A753}.Release|Any CPU.Build.0 = Release|Any CPU
		{D9941CEE-F77E-4378-A59A-606450D2C3DD}.Debug|Any CPU.ActiveCfg = Debug|Any CPU
		{D9941CEE-F77E-4378-A59A-606450D2C3DD}.Debug|Any CPU.Build.0 = Debug|Any CPU
		{D9941CEE-F77E-4378-A59A-606450D2C3DD}.Release|Any CPU.ActiveCfg = Release|Any CPU
		{D9941CEE-F77E-4378-A59A-606450D2C3DD}.Release|Any CPU.Build.0 = Release|Any CPU
	EndGlobalSection
	GlobalSection(SolutionProperties) = preSolution
		HideSolutionNode = FALSE
	EndGlobalSection
	GlobalSection(NestedProjects) = preSolution
		{F8B7A4DE-5037-441D-97F4-65C4E286DFD4} = {61FB2D02-6241-4B16-A948-41B31B36C9F7}
		{DBD78CF7-40D0-4782-8988-831473E8C662} = {F8B7A4DE-5037-441D-97F4-65C4E286DFD4}
		{04735619-763D-4A5D-AEAB-0C7A4ED2DA7D} = {DBD78CF7-40D0-4782-8988-831473E8C662}
		{72DE6900-8B64-48DA-88D4-EAE359B2CF1B} = {DBD78CF7-40D0-4782-8988-831473E8C662}
		{228B7F68-DE1F-48FA-8F66-68BBB74794F5} = {DBD78CF7-40D0-4782-8988-831473E8C662}
		{BAB37D19-CBEF-49ED-BDE9-570D1A2E13EE} = {DBD78CF7-40D0-4782-8988-831473E8C662}
		{A3C9EEE5-6252-4CDD-8BDA-D88A4A463A22} = {F8B7A4DE-5037-441D-97F4-65C4E286DFD4}
		{86C350FE-2D44-48C1-B2D8-1A94558588A2} = {F8B7A4DE-5037-441D-97F4-65C4E286DFD4}
		{D2EADD86-3336-446C-B438-138B49E72E4C} = {86C350FE-2D44-48C1-B2D8-1A94558588A2}
		{8B7F7179-25E7-45A1-A305-993088D2D900} = {86C350FE-2D44-48C1-B2D8-1A94558588A2}
		{3719E9F9-228D-4010-9431-CBA6B10097F9} = {A3C9EEE5-6252-4CDD-8BDA-D88A4A463A22}
		{120C9C6C-2E26-4746-B1B4-867EA8384CE7} = {A3C9EEE5-6252-4CDD-8BDA-D88A4A463A22}
		{DC9E8650-4040-4E50-A20F-5BBE03D14A80} = {A3C9EEE5-6252-4CDD-8BDA-D88A4A463A22}
		{6C44A067-5A73-4029-ABAA-0026A96C699F} = {A3C9EEE5-6252-4CDD-8BDA-D88A4A463A22}
		{F88DE806-94FC-40BB-B364-AB76AF0B9D8A} = {86C350FE-2D44-48C1-B2D8-1A94558588A2}
		{66C8206D-48CF-4F3A-846B-5CA1C61296DB} = {61FB2D02-6241-4B16-A948-41B31B36C9F7}
		{E42E57F7-E370-40E2-BEA7-17894A5358F2} = {66C8206D-48CF-4F3A-846B-5CA1C61296DB}
		{5C08D5A4-323C-488A-8126-0858BA76F73D} = {E42E57F7-E370-40E2-BEA7-17894A5358F2}
		{F7071291-C0B7-481F-98F4-39B47914FADD} = {DBD78CF7-40D0-4782-8988-831473E8C662}
		{7079203F-396D-4516-BA80-A20EB244A753} = {F7071291-C0B7-481F-98F4-39B47914FADD}
		{A8358243-ADF0-4C3A-A73E-1C10C58072AE} = {A3C9EEE5-6252-4CDD-8BDA-D88A4A463A22}
		{D9941CEE-F77E-4378-A59A-606450D2C3DD} = {A8358243-ADF0-4C3A-A73E-1C10C58072AE}
	EndGlobalSection
	GlobalSection(ExtensibilityGlobals) = postSolution
		SolutionGuid = {AC029FF3-7352-42D2-9867-5662078FCEC2}
	EndGlobalSection
EndGlobal
